{
  "name": "demo",
  "version": "0.0.1",
  "lockfileVersion": 2,
  "requires": true,
  "packages": {
    "": {
      "version": "0.0.1",
      "license": "MIT",
      "dependencies": {
        "@rdfjs/types": "^1.0.1",
        "mock-local-storage": "^1.1.11",
        "rdf-data-factory": "^1.1.0"
      }
    },
    "node_modules/@rdfjs/types": {
      "version": "1.0.1",
      "dependencies": {
        "@types/node": "*"
      }
    },
    "node_modules/@types/node": {},
    "node_modules/core-js": {
      "version": "0.8.4",
      "license": "MIT"
    },
    "node_modules/dom-walk": {
      "version": "0.1.1"
    },
    "node_modules/global": {
      "version": "4.4.0",
      "license": "MIT",
      "dependencies": {
        "min-document": "^2.19.0",
        "process": "^0.11.10"
      }
    },
    "node_modules/min-document": {
      "version": "2.19.0",
      "dependencies": {
        "dom-walk": "^0.1.0"
      }
    },
    "node_modules/mock-local-storage": {
      "version": "1.1.11",
      "license": "MIT",
      "dependencies": {
        "core-js": "^0.8.3",
        "global": "^4.3.2"
      }
    },
    "node_modules/process": {
      "version": "0.11.10",
      "license": "MIT",
      "engines": {
        "node": ">= 0.6.0"
      }
    },
    "node_modules/rdf-data-factory": {
      "version": "1.1.0",
      "resolved": "https://registry.npmjs.org/rdf-data-factory/-/rdf-data-factory-1.1.0.tgz",
      "integrity": "sha512-g8feOVZ/KL1OK2Pco/jDBDFh4m29QDsOOD+rWloG9qFvIzRFchGy2CviLUX491E0ByewXxMpaq/A3zsWHQA16A==",
      "dependencies": {
        "@rdfjs/types": "*"
      }
    }
  },
  "dependencies": {
    "@rdfjs/types": {
      "version": "1.0.1",
      "requires": {
        "@types/node": "*"
      }
    },
    "@types/node": {},
    "core-js": {
      "version": "0.8.4"
    },
    "dom-walk": {
      "version": "0.1.1"
    },
    "global": {
      "version": "4.4.0",
      "requires": {
        "min-document": "^2.19.0",
        "process": "^0.11.10"
      }
    },
    "min-document": {
      "version": "2.19.0",
      "requires": {
        "dom-walk": "^0.1.0"
      }
    },
    "mock-local-storage": {
      "version": "1.1.11",
      "requires": {
        "core-js": "^0.8.3",
        "global": "^4.3.2"
      }
    },
    "process": {
      "version": "0.11.10"
    },
    "rdf-data-factory": {
      "version": "1.1.0",
      "resolved": "https://registry.npmjs.org/rdf-data-factory/-/rdf-data-factory-1.1.0.tgz",
      "integrity": "sha512-g8feOVZ/KL1OK2Pco/jDBDFh4m29QDsOOD+rWloG9qFvIzRFchGy2CviLUX491E0ByewXxMpaq/A3zsWHQA16A==",
      "requires": {
        "@rdfjs/types": "*"
      }
    }
  }
}
