{
  "name": "demo",
  "version": "0.0.1",
  "lockfileVersion": 1,
  "requires": true,
  "dependencies": {
    "@pmcb55/lit-vocab-term-base": {
      "version": "0.2.4",
      "resolved": "https://verdaccio.inrupt.com/@pmcb55%2flit-vocab-term-base/-/lit-vocab-term-base-0.2.4.tgz",
      "integrity": "sha512-JG/6PIqzo01I14ShO1IT0py7DYJnG0u4a96RRNxxHP9RvFm2sSCDBzisBVPSD/sz7ekZ4MJUK/2r/fzsyvrpjg==",
      "requires": {
        "debug": "^4.1.1",
        "moment": "^2.24.0"
      }
    },
    "@pmcb55/lit-vocab-term-rdf-ext": {
      "version": "0.2.4",
      "resolved": "https://verdaccio.inrupt.com/@pmcb55%2flit-vocab-term-rdf-ext/-/lit-vocab-term-rdf-ext-0.2.4.tgz",
      "integrity": "sha512-jXj56GcQGKq3ZsPvtOP+gkMBNd/tqAPbSQTQ4iQK+fQB93TXHWRoikQ1By7j67xTQN+Mb0BZ8bE0CbFHs8oI0A==",
      "requires": {
        "@pmcb55/lit-vocab-term-base": "0.2.4",
        "@rdfjs/formats-common": "^2.0.1",
        "aggregation": "^1.2.5",
        "debug": "^4.1.1",
        "moment": "^2.24.0",
        "rdf-ext": "^1.3.0",
        "stream-to-string": "^1.2.0",
        "string-to-stream": "^3.0.1"
      }
    },
    "@rdfjs/data-model": {
      "version": "1.1.2",
      "resolved": "https://verdaccio.inrupt.com/@rdfjs%2fdata-model/-/data-model-1.1.2.tgz",
      "integrity": "sha512-pk/G/JLYGaXesoBLvEmoC/ic0H3B79fTyS0Ujjh5YQB2DZW+mn05ZowFFv88rjB9jf7c1XE5XSmf8jzn6U0HHA==",
      "requires": {
        "@types/rdf-js": "^2.0.1"
      }
    },
    "@rdfjs/formats-common": {
      "version": "2.1.0",
      "resolved": "https://verdaccio.inrupt.com/@rdfjs%2fformats-common/-/formats-common-2.1.0.tgz",
      "integrity": "sha512-DVsQsMwSf+bNelIocDe35Wq/POkC+puXYd0BRwP76A3tzYKjIHwBHQFfq7wXMUaBe3jQq80x4DaFpxPaI7sPKA==",
      "requires": {
        "@rdfjs/parser-jsonld": "^1.1.1",
        "@rdfjs/parser-n3": "^1.1.2",
        "@rdfjs/serializer-jsonld": "^1.2.0",
        "@rdfjs/serializer-ntriples": "^1.0.1",
        "@rdfjs/sink-map": "^1.0.0",
        "rdfxml-streaming-parser": "^1.2.0"
      }
    },
    "@rdfjs/parser-jsonld": {
      "version": "1.2.0",
      "resolved": "https://verdaccio.inrupt.com/@rdfjs%2fparser-jsonld/-/parser-jsonld-1.2.0.tgz",
      "integrity": "sha512-jn5QWljPdwKhNK4+Y+jjthtBcnt0q0ldB397KmXGR1u8d1Kvn8hYiiRrwypzgQuxaNFPwuOUuBK9xx3N/kWInA==",
      "requires": {
        "@rdfjs/data-model": "^1.0.1",
        "@rdfjs/sink": "^1.0.2",
        "concat-stream": "^1.6.2",
        "jsonld": "^1.8.1",
        "readable-stream": "^2.3.6"
      }
    },
    "@rdfjs/parser-n3": {
      "version": "1.1.3",
      "resolved": "https://verdaccio.inrupt.com/@rdfjs%2fparser-n3/-/parser-n3-1.1.3.tgz",
      "integrity": "sha512-TRvAA2QfrIdIfhDB9RVU91dhZ/ITDiJ1prTHahEgEVKNH+Zu+iFfEgLDKbv/ZNvEoLaDyoG92p9xqToH7mdh0w==",
      "requires": {
        "@rdfjs/data-model": "^1.0.1",
        "@rdfjs/sink": "^1.0.2",
        "n3": "^1.0.0-beta.1",
        "readable-stream": "^2.3.6"
      }
    },
    "@rdfjs/serializer-jsonld": {
      "version": "1.2.1",
      "resolved": "https://verdaccio.inrupt.com/@rdfjs%2fserializer-jsonld/-/serializer-jsonld-1.2.1.tgz",
      "integrity": "sha512-QGNpSEGNF+MzCqK6nCCfLgdaTFGIZceLPPg5dodJuDK4NeO0N6rpC8YGrrq0j1xR55A4+5IrEbHEu5LMdF5ZWQ==",
      "requires": {
        "@rdfjs/sink": "^1.0.2",
        "readable-stream": "^2.3.6"
      }
    },
    "@rdfjs/serializer-ntriples": {
      "version": "1.0.2",
      "resolved": "https://verdaccio.inrupt.com/@rdfjs%2fserializer-ntriples/-/serializer-ntriples-1.0.2.tgz",
      "integrity": "sha512-5pIYhbkz5SIy7B2fkXHGAsC92VP8GPsf7aJ6UNA7OdabggVbOibPWJ9zTetxvxM7bQRez6FsvC7lPnTbZt4I4A==",
      "requires": {
        "@rdfjs/sink": "^1.0.2",
        "@rdfjs/to-ntriples": "^1.0.0",
        "readable-stream": "^2.3.6"
      }
    },
    "@rdfjs/sink": {
      "version": "1.0.3",
      "resolved": "https://verdaccio.inrupt.com/@rdfjs%2fsink/-/sink-1.0.3.tgz",
      "integrity": "sha512-2KfYa8mAnptRNeogxhQqkWNXqfYVWO04jQThtXKepySrIwYmz83+WlevQtA4VDLFe+kFd2TwgL29ekPe5XVUfA=="
    },
    "@rdfjs/sink-map": {
      "version": "1.0.1",
      "resolved": "https://verdaccio.inrupt.com/@rdfjs%2fsink-map/-/sink-map-1.0.1.tgz",
      "integrity": "sha512-PRp5TjULHe2oRcupR80SClZ/l50wnSuX2Pl+TlkcRazt1w7AT86kLmQYFbDfjqGM7uDwSyD6evLJxXBDf5UuvQ=="
    },
    "@rdfjs/to-ntriples": {
      "version": "1.0.2",
      "resolved": "https://verdaccio.inrupt.com/@rdfjs%2fto-ntriples/-/to-ntriples-1.0.2.tgz",
      "integrity": "sha512-ngw5XAaGHjgGiwWWBPGlfdCclHftonmbje5lMys4G2j4NvfExraPIuRZgjSnd5lg4dnulRVUll8tRbgKO+7EDA=="
    },
    "@types/node": {
      "version": "13.7.0",
      "resolved": "https://verdaccio.inrupt.com/@types%2fnode/-/node-13.7.0.tgz",
      "integrity": "sha512-GnZbirvmqZUzMgkFn70c74OQpTTUcCzlhQliTzYjQMqg+hVKcDnxdL19Ne3UdYzdMA/+W3eb646FWn/ZaT1NfQ=="
    },
    "@types/rdf-js": {
      "version": "2.0.11",
      "resolved": "https://verdaccio.inrupt.com/@types%2frdf-js/-/rdf-js-2.0.11.tgz",
      "integrity": "sha512-GC5MZU2HbL5JnlrLAzoxSqLprqtKwocz0TNVugqM04t1ZeeNFpZRqqBQc9Jhev35hEwdH84siRLaCesxHHYlmA==",
      "requires": {
        "@types/node": "*"
      }
    },
    "aggregation": {
      "version": "1.2.6",
      "resolved": "https://verdaccio.inrupt.com/aggregation/-/aggregation-1.2.6.tgz",
      "integrity": "sha512-TdxNrY8hHSwcK2YNl2wbvC4ybki79cQUgPZWQyer3WVSUOGZp0MzuutWxx/T+WR+aPC/sZW34092NTc2r6mCoA=="
    },
    "ajv": {
      "version": "6.11.0",
      "resolved": "https://verdaccio.inrupt.com/ajv/-/ajv-6.11.0.tgz",
      "integrity": "sha512-nCprB/0syFYy9fVYU1ox1l2KN8S9I+tziH8D4zdZuLT3N6RMlGSGt5FSTpAiHB/Whv8Qs1cWHma1aMKZyaHRKA==",
      "requires": {
        "fast-deep-equal": "^3.1.1",
        "fast-json-stable-stringify": "^2.0.0",
        "json-schema-traverse": "^0.4.1",
        "uri-js": "^4.2.2"
      }
    },
    "asn1": {
      "version": "0.2.4",
      "resolved": "https://verdaccio.inrupt.com/asn1/-/asn1-0.2.4.tgz",
      "integrity": "sha512-jxwzQpLQjSmWXgwaCZE9Nz+glAG01yF1QnWgbhGwHI5A6FRIEY6IVqtHhIepHqI7/kyEyQEagBC5mBEFlIYvdg==",
      "requires": {
        "safer-buffer": "~2.1.0"
      }
    },
    "assert-plus": {
      "version": "1.0.0",
      "resolved": "https://verdaccio.inrupt.com/assert-plus/-/assert-plus-1.0.0.tgz",
      "integrity": "sha1-8S4PPF13sLHN2RRpQuTpbB5N1SU="
    },
    "asynckit": {
      "version": "0.4.0",
      "resolved": "https://verdaccio.inrupt.com/asynckit/-/asynckit-0.4.0.tgz",
      "integrity": "sha1-x57Zf380y48robyXkLzDZkdLS3k="
    },
    "aws-sign2": {
      "version": "0.7.0",
      "resolved": "https://verdaccio.inrupt.com/aws-sign2/-/aws-sign2-0.7.0.tgz",
      "integrity": "sha1-tG6JCTSpWR8tL2+G1+ap8bP+dqg="
    },
    "aws4": {
      "version": "1.9.1",
      "resolved": "https://verdaccio.inrupt.com/aws4/-/aws4-1.9.1.tgz",
      "integrity": "sha512-wMHVg2EOHaMRxbzgFJ9gtjOOCrI80OHLG14rxi28XwOW8ux6IiEbRCGGGqCtdAIg4FQCbW20k9RsT4y3gJlFug=="
    },
    "bcrypt-pbkdf": {
      "version": "1.0.2",
      "resolved": "https://verdaccio.inrupt.com/bcrypt-pbkdf/-/bcrypt-pbkdf-1.0.2.tgz",
      "integrity": "sha1-pDAdOJtqQ/m2f/PKEaP2Y342Dp4=",
      "requires": {
        "tweetnacl": "^0.14.3"
      }
    },
    "buffer-from": {
      "version": "1.1.1",
      "resolved": "https://verdaccio.inrupt.com/buffer-from/-/buffer-from-1.1.1.tgz",
      "integrity": "sha512-MQcXEUbCKtEo7bhqEs6560Hyd4XaovZlO/k9V3hjVUF/zwW7KBVdSK4gIt/bzwS9MbR5qob+F5jusZsb0YQK2A=="
    },
    "canonicalize": {
      "version": "1.0.1",
      "resolved": "https://verdaccio.inrupt.com/canonicalize/-/canonicalize-1.0.1.tgz",
      "integrity": "sha512-N3cmB3QLhS5TJ5smKFf1w42rJXWe6C1qP01z4dxJiI5v269buii4fLHWETDyf7yEd0azGLNC63VxNMiPd2u0Cg=="
    },
    "caseless": {
      "version": "0.12.0",
      "resolved": "https://verdaccio.inrupt.com/caseless/-/caseless-0.12.0.tgz",
      "integrity": "sha1-G2gcIf+EAzyCZUMJBolCDRhxUdw="
    },
    "combined-stream": {
      "version": "1.0.8",
      "resolved": "https://verdaccio.inrupt.com/combined-stream/-/combined-stream-1.0.8.tgz",
      "integrity": "sha512-FQN4MRfuJeHf7cBbBMJFXhKSDq+2kAArBlmRBvcvFE5BB1HZKXtSFASDhdlz9zOYwxh8lDdnvmMOe/+5cdoEdg==",
      "requires": {
        "delayed-stream": "~1.0.0"
      }
    },
    "concat-stream": {
      "version": "1.6.2",
      "resolved": "https://verdaccio.inrupt.com/concat-stream/-/concat-stream-1.6.2.tgz",
      "integrity": "sha512-27HBghJxjiZtIk3Ycvn/4kbJk/1uZuJFfuPEns6LaEvpvG1f0hTea8lilrouyo9mVc2GWdcEZ8OLoGmSADlrCw==",
      "requires": {
        "buffer-from": "^1.0.0",
        "inherits": "^2.0.3",
        "readable-stream": "^2.2.2",
        "typedarray": "^0.0.6"
      }
    },
    "core-js": {
      "version": "0.8.4",
      "resolved": "https://registry.npmjs.org/core-js/-/core-js-0.8.4.tgz",
      "integrity": "sha1-wiZl8eDRucPF4bCNq9HxCGleT88="
    },
    "core-util-is": {
      "version": "1.0.2",
      "resolved": "https://verdaccio.inrupt.com/core-util-is/-/core-util-is-1.0.2.tgz",
      "integrity": "sha1-tf1UIgqivFq1eqtxQMlAdUUDwac="
    },
    "dashdash": {
      "version": "1.14.1",
      "resolved": "https://verdaccio.inrupt.com/dashdash/-/dashdash-1.14.1.tgz",
      "integrity": "sha1-hTz6D3y+L+1d4gMmuN1YEDX24vA=",
      "requires": {
        "assert-plus": "^1.0.0"
      }
    },
    "debug": {
      "version": "4.1.1",
      "resolved": "https://verdaccio.inrupt.com/debug/-/debug-4.1.1.tgz",
      "integrity": "sha512-pYAIzeRo8J6KPEaJ0VWOh5Pzkbw/RetuzehGM7QRRX5he4fPHx2rdKMB256ehJCkX+XRQm16eZLqLNS8RSZXZw==",
      "requires": {
        "ms": "^2.1.1"
      }
    },
    "delayed-stream": {
      "version": "1.0.0",
      "resolved": "https://verdaccio.inrupt.com/delayed-stream/-/delayed-stream-1.0.0.tgz",
      "integrity": "sha1-3zrhmayt+31ECqrgsp4icrJOxhk="
    },
    "dom-walk": {
      "version": "0.1.1",
      "resolved": "https://registry.npmjs.org/dom-walk/-/dom-walk-0.1.1.tgz",
      "integrity": "sha1-ZyIm3HTI95mtNTB9+TaroRrNYBg="
    },
    "ecc-jsbn": {
      "version": "0.1.2",
      "resolved": "https://verdaccio.inrupt.com/ecc-jsbn/-/ecc-jsbn-0.1.2.tgz",
      "integrity": "sha1-OoOpBOVDUyh4dMVkt1SThoSamMk=",
      "requires": {
        "jsbn": "~0.1.0",
        "safer-buffer": "^2.1.0"
      }
    },
    "extend": {
      "version": "3.0.2",
      "resolved": "https://verdaccio.inrupt.com/extend/-/extend-3.0.2.tgz",
      "integrity": "sha512-fjquC59cD7CyW6urNXK0FBufkZcoiGG80wTuPujX590cB5Ttln20E2UB4S/WARVqhXffZl2LNgS+gQdPIIim/g=="
    },
    "extsprintf": {
      "version": "1.3.0",
      "resolved": "https://verdaccio.inrupt.com/extsprintf/-/extsprintf-1.3.0.tgz",
      "integrity": "sha1-lpGEQOMEGnpBT4xS48V06zw+HgU="
    },
    "fast-deep-equal": {
      "version": "3.1.1",
      "resolved": "https://verdaccio.inrupt.com/fast-deep-equal/-/fast-deep-equal-3.1.1.tgz",
      "integrity": "sha512-8UEa58QDLauDNfpbrX55Q9jrGHThw2ZMdOky5Gl1CDtVeJDPVrG4Jxx1N8jw2gkWaff5UUuX1KJd+9zGe2B+ZA=="
    },
    "fast-json-stable-stringify": {
      "version": "2.1.0",
      "resolved": "https://verdaccio.inrupt.com/fast-json-stable-stringify/-/fast-json-stable-stringify-2.1.0.tgz",
      "integrity": "sha512-lhd/wF+Lk98HZoTCtlVraHtfh5XYijIjalXck7saUtuanSDyLMxnHhSXEDJqHxD7msR8D0uCmqlkwjCV8xvwHw=="
    },
    "forever-agent": {
      "version": "0.6.1",
      "resolved": "https://verdaccio.inrupt.com/forever-agent/-/forever-agent-0.6.1.tgz",
      "integrity": "sha1-+8cfDEGt6zf5bFd60e1C2P2sypE="
    },
    "form-data": {
      "version": "2.3.3",
      "resolved": "https://verdaccio.inrupt.com/form-data/-/form-data-2.3.3.tgz",
      "integrity": "sha512-1lLKB2Mu3aGP1Q/2eCOx0fNbRMe7XdwktwOruhfqqd0rIJWwN4Dh+E3hrPSlDCXnSR7UtZ1N38rVXm+6+MEhJQ==",
      "requires": {
        "asynckit": "^0.4.0",
        "combined-stream": "^1.0.6",
        "mime-types": "^2.1.12"
      }
    },
    "getpass": {
      "version": "0.1.7",
      "resolved": "https://verdaccio.inrupt.com/getpass/-/getpass-0.1.7.tgz",
      "integrity": "sha1-Xv+OPmhNVprkyysSgmBOi6YhSfo=",
      "requires": {
        "assert-plus": "^1.0.0"
      }
    },
    "global": {
      "version": "4.4.0",
      "resolved": "https://registry.npmjs.org/global/-/global-4.4.0.tgz",
      "integrity": "sha512-wv/LAoHdRE3BeTGz53FAamhGlPLhlssK45usmGFThIi4XqnBmjKQ16u+RNbP7WvigRZDxUsM0J3gcQ5yicaL0w==",
      "requires": {
        "min-document": "^2.19.0",
        "process": "^0.11.10"
      }
    },
    "har-schema": {
      "version": "2.0.0",
      "resolved": "https://verdaccio.inrupt.com/har-schema/-/har-schema-2.0.0.tgz",
      "integrity": "sha1-qUwiJOvKwEeCoNkDVSHyRzW37JI="
    },
    "har-validator": {
      "version": "5.1.3",
      "resolved": "https://verdaccio.inrupt.com/har-validator/-/har-validator-5.1.3.tgz",
      "integrity": "sha512-sNvOCzEQNr/qrvJgc3UG/kD4QtlHycrzwS+6mfTrrSq97BvaYcPZZI1ZSqGSPR73Cxn4LKTD4PttRwfU7jWq5g==",
      "requires": {
        "ajv": "^6.5.5",
        "har-schema": "^2.0.0"
      }
    },
    "http-signature": {
      "version": "1.2.0",
      "resolved": "https://verdaccio.inrupt.com/http-signature/-/http-signature-1.2.0.tgz",
      "integrity": "sha1-muzZJRFHcvPZW2WmCruPfBj7rOE=",
      "requires": {
        "assert-plus": "^1.0.0",
        "jsprim": "^1.2.2",
        "sshpk": "^1.7.0"
      }
    },
    "inherits": {
      "version": "2.0.4",
      "resolved": "https://verdaccio.inrupt.com/inherits/-/inherits-2.0.4.tgz",
      "integrity": "sha512-k/vGaX4/Yla3WzyMCvTQOXYeIHvqOKtnqBduzTHpzpQZzAskKMhZ2K+EnBiSM9zGSoIFeMpXKxa4dYeZIQqewQ=="
    },
    "is-typedarray": {
      "version": "1.0.0",
      "resolved": "https://verdaccio.inrupt.com/is-typedarray/-/is-typedarray-1.0.0.tgz",
      "integrity": "sha1-5HnICFjfDBsR3dppQPlgEfzaSpo="
    },
    "isarray": {
      "version": "1.0.0",
      "resolved": "https://verdaccio.inrupt.com/isarray/-/isarray-1.0.0.tgz",
      "integrity": "sha1-u5NdSFgsuhaMBoNJV6VKPgcSTxE="
    },
    "isstream": {
      "version": "0.1.2",
      "resolved": "https://verdaccio.inrupt.com/isstream/-/isstream-0.1.2.tgz",
      "integrity": "sha1-R+Y/evVa+m+S4VAOaQ64uFKcCZo="
    },
    "jsbn": {
      "version": "0.1.1",
      "resolved": "https://verdaccio.inrupt.com/jsbn/-/jsbn-0.1.1.tgz",
      "integrity": "sha1-peZUwuWi3rXyAdls77yoDA7y9RM="
    },
    "json-schema": {
      "version": "0.2.3",
      "resolved": "https://verdaccio.inrupt.com/json-schema/-/json-schema-0.2.3.tgz",
      "integrity": "sha1-tIDIkuWaLwWVTOcnvT8qTogvnhM="
    },
    "json-schema-traverse": {
      "version": "0.4.1",
      "resolved": "https://verdaccio.inrupt.com/json-schema-traverse/-/json-schema-traverse-0.4.1.tgz",
      "integrity": "sha512-xbbCH5dCYU5T8LcEhhuh7HJ88HXuW3qsI3Y0zOZFKfZEHcpWiHU/Jxzk629Brsab/mMiHQti9wMP+845RPe3Vg=="
    },
    "json-stringify-safe": {
      "version": "5.0.1",
      "resolved": "https://verdaccio.inrupt.com/json-stringify-safe/-/json-stringify-safe-5.0.1.tgz",
      "integrity": "sha1-Epai1Y/UXxmg9s4B1lcB4sc1tus="
    },
    "jsonld": {
      "version": "1.8.1",
      "resolved": "https://verdaccio.inrupt.com/jsonld/-/jsonld-1.8.1.tgz",
      "integrity": "sha512-f0rusl5v8aPKS3jApT5fhYsdTC/JpyK1PoJ+ZtYYtZXoyb1J0Z///mJqLwrfL/g4NueFSqPymDYIi1CcSk7b8Q==",
      "requires": {
        "canonicalize": "^1.0.1",
        "rdf-canonize": "^1.0.2",
        "request": "^2.88.0",
        "semver": "^5.6.0",
        "xmldom": "0.1.19"
      }
    },
    "jsprim": {
      "version": "1.4.1",
      "resolved": "https://verdaccio.inrupt.com/jsprim/-/jsprim-1.4.1.tgz",
      "integrity": "sha1-MT5mvB5cwG5Di8G3SZwuXFastqI=",
      "requires": {
        "assert-plus": "1.0.0",
        "extsprintf": "1.3.0",
        "json-schema": "0.2.3",
        "verror": "1.10.0"
      }
    },
    "mime-db": {
      "version": "1.43.0",
      "resolved": "https://verdaccio.inrupt.com/mime-db/-/mime-db-1.43.0.tgz",
      "integrity": "sha512-+5dsGEEovYbT8UY9yD7eE4XTc4UwJ1jBYlgaQQF38ENsKR3wj/8q8RFZrF9WIZpB2V1ArTVFUva8sAul1NzRzQ=="
    },
    "mime-types": {
      "version": "2.1.26",
      "resolved": "https://verdaccio.inrupt.com/mime-types/-/mime-types-2.1.26.tgz",
      "integrity": "sha512-01paPWYgLrkqAyrlDorC1uDwl2p3qZT7yl806vW7DvDoxwXi46jsjFbg+WdwotBIk6/MbEhO/dh5aZ5sNj/dWQ==",
      "requires": {
        "mime-db": "1.43.0"
      }
    },
    "min-document": {
      "version": "2.19.0",
      "resolved": "https://registry.npmjs.org/min-document/-/min-document-2.19.0.tgz",
      "integrity": "sha1-e9KC4/WELtKVu3SM3Z8f+iyCRoU=",
      "requires": {
        "dom-walk": "^0.1.0"
      }
    },
    "mock-local-storage": {
      "version": "1.1.11",
      "resolved": "https://registry.npmjs.org/mock-local-storage/-/mock-local-storage-1.1.11.tgz",
      "integrity": "sha512-71sytP93tB0CkPbacafcP1iTVj9ssXU+ztRmx1MrS488JpO0az5d2sx+SNuvhGVSW56XO5M0f82uFhxteZEp9w==",
      "requires": {
        "core-js": "^0.8.3",
        "global": "^4.3.2"
      }
    },
    "moment": {
      "version": "2.24.0",
      "resolved": "https://verdaccio.inrupt.com/moment/-/moment-2.24.0.tgz",
      "integrity": "sha512-bV7f+6l2QigeBBZSM/6yTNq4P2fNpSWj/0e7jQcy87A8e7o2nAfP/34/2ky5Vw4B9S446EtIhodAzkFCcR4dQg=="
    },
    "ms": {
      "version": "2.1.2",
      "resolved": "https://verdaccio.inrupt.com/ms/-/ms-2.1.2.tgz",
      "integrity": "sha512-sGkPx+VjMtmA6MX27oA4FBFELFCZZ4S4XqeGOXCv68tT+jb3vk/RyaKWP0PTKyWtmLSM0b+adUTEvbs1PEaH2w=="
    },
    "n3": {
      "version": "1.3.5",
      "resolved": "https://verdaccio.inrupt.com/n3/-/n3-1.3.5.tgz",
      "integrity": "sha512-McWb1tCWGGAmHeGEakqZj/UqxQR9cpEYZ/JivBj59YfiOAuaIWZxu0B+jnhbCwCZ2AsxdgQ5Dq8fehIJpYQaMQ=="
    },
    "node-forge": {
      "version": "0.9.1",
      "resolved": "https://verdaccio.inrupt.com/node-forge/-/node-forge-0.9.1.tgz",
      "integrity": "sha512-G6RlQt5Sb4GMBzXvhfkeFmbqR6MzhtnT7VTHuLadjkii3rdYHNdw0m8zA4BTxVIh68FicCQ2NSUANpsqkr9jvQ=="
    },
    "oauth-sign": {
      "version": "0.9.0",
      "resolved": "https://verdaccio.inrupt.com/oauth-sign/-/oauth-sign-0.9.0.tgz",
      "integrity": "sha512-fexhUFFPTGV8ybAtSIGbV6gOkSv8UtRbDBnAyLQw4QPKkgNlsH2ByPGtMUqdWkos6YCRmAqViwgZrJc/mRDzZQ=="
    },
    "performance-now": {
      "version": "2.1.0",
      "resolved": "https://verdaccio.inrupt.com/performance-now/-/performance-now-2.1.0.tgz",
      "integrity": "sha1-Ywn04OX6kT7BxpMHrjZLSzd8nns="
    },
    "process": {
      "version": "0.11.10",
      "resolved": "https://registry.npmjs.org/process/-/process-0.11.10.tgz",
      "integrity": "sha1-czIwDoQBYb2j5podHZGn1LwW8YI="
    },
    "process-nextick-args": {
      "version": "2.0.1",
      "resolved": "https://verdaccio.inrupt.com/process-nextick-args/-/process-nextick-args-2.0.1.tgz",
      "integrity": "sha512-3ouUOpQhtgrbOa17J7+uxOTpITYWaGP7/AhoR3+A+/1e9skrzelGi/dXzEYyvbxubEF6Wn2ypscTKiKJFFn1ag=="
    },
    "promise-polyfill": {
      "version": "1.1.6",
      "resolved": "https://verdaccio.inrupt.com/promise-polyfill/-/promise-polyfill-1.1.6.tgz",
      "integrity": "sha1-zQTv9G9clcOn0EVZHXm14+AfEtc="
    },
    "psl": {
      "version": "1.7.0",
      "resolved": "https://verdaccio.inrupt.com/psl/-/psl-1.7.0.tgz",
      "integrity": "sha512-5NsSEDv8zY70ScRnOTn7bK7eanl2MvFrOrS/R6x+dBt5g1ghnj9Zv90kO8GwT8gxcu2ANyFprnFYB85IogIJOQ=="
    },
    "punycode": {
      "version": "2.1.1",
      "resolved": "https://verdaccio.inrupt.com/punycode/-/punycode-2.1.1.tgz",
      "integrity": "sha512-XRsRjdf+j5ml+y/6GKHPZbrF/8p2Yga0JPtdqTIY2Xe5ohJPD9saDJJLPvp9+NSBprVvevdXZybnj2cv8OEd0A=="
    },
    "qs": {
      "version": "6.5.2",
      "resolved": "https://verdaccio.inrupt.com/qs/-/qs-6.5.2.tgz",
      "integrity": "sha512-N5ZAX4/LxJmF+7wN74pUD6qAh9/wnvdQcjq9TZjevvXzSUo7bfmw91saqMjzGS2xq91/odN2dW/WOl7qQHNDGA=="
    },
    "rdf-canonize": {
      "version": "1.1.0",
      "resolved": "https://verdaccio.inrupt.com/rdf-canonize/-/rdf-canonize-1.1.0.tgz",
      "integrity": "sha512-DV06OnhVfl2zcZJQCt+YvU+hoZVgpyQpNFLeAmghq8RJybUxD3B4LRzlBquYS5k+LLd8/c3g5Gnhkqjw5qRMvg==",
      "requires": {
        "node-forge": "^0.9.1",
        "semver": "^6.3.0"
      },
      "dependencies": {
        "semver": {
          "version": "6.3.0",
          "resolved": "https://verdaccio.inrupt.com/semver/-/semver-6.3.0.tgz",
          "integrity": "sha512-b39TBaTSfV6yBrapU89p5fKekE2m/NwnDocOVruQFS1/veMgdzuPcnOM34M6CwxW8jH/lxEa5rBoDeUwu5HHTw=="
        }
      }
    },
    "rdf-dataset-indexed": {
      "version": "0.4.0",
      "resolved": "https://verdaccio.inrupt.com/rdf-dataset-indexed/-/rdf-dataset-indexed-0.4.0.tgz",
      "integrity": "sha512-xIZ3PGwBHh1DVax9FTq/zhJcrdJTkCgRT2xolF5ZhKj0EOFoT6wdITyfxKSmnD6YNyGyng5F5o2SR62TYask3Q==",
      "requires": {
        "@rdfjs/data-model": "^1.1.1",
        "readable-stream": "^3.3.0"
      },
      "dependencies": {
        "readable-stream": {
          "version": "3.5.0",
          "resolved": "https://verdaccio.inrupt.com/readable-stream/-/readable-stream-3.5.0.tgz",
          "integrity": "sha512-gSz026xs2LfxBPudDuI41V1lka8cxg64E66SGe78zJlsUofOg/yqwezdIcdfwik6B4h8LFmWPA9ef9X3FiNFLA==",
          "requires": {
            "inherits": "^2.0.3",
            "string_decoder": "^1.1.1",
            "util-deprecate": "^1.0.1"
          }
        }
      }
    },
    "rdf-ext": {
      "version": "1.3.0",
      "resolved": "https://verdaccio.inrupt.com/rdf-ext/-/rdf-ext-1.3.0.tgz",
      "integrity": "sha512-bzkJpINH1uZgAeSIlE7K1nLF6Y82vGi9U9sBRuiz864pNk/31ba3dw+yLoIkcvQsPcVwnKBVLvGCR3dvD9xM+Q==",
      "requires": {
        "@rdfjs/data-model": "^1.1.0",
        "@rdfjs/to-ntriples": "^1.0.1",
        "rdf-dataset-indexed": "^0.4.0",
        "rdf-normalize": "^1.0.0"
      }
    },
    "rdf-normalize": {
      "version": "1.0.0",
      "resolved": "https://verdaccio.inrupt.com/rdf-normalize/-/rdf-normalize-1.0.0.tgz",
      "integrity": "sha1-U0lrrzYszp2fyh8iFsbDAAf5nMo="
    },
    "rdfxml-streaming-parser": {
      "version": "1.3.4",
      "resolved": "https://verdaccio.inrupt.com/rdfxml-streaming-parser/-/rdfxml-streaming-parser-1.3.4.tgz",
      "integrity": "sha512-8Y+rXEAB0GEbmm4vMbAeBSfMjd7dmQao0jgT12MH+VOnOrKK+WitvsWB5jf/coQq+NsOOLDmKBm0ODoBq8SK+g==",
      "requires": {
        "@rdfjs/data-model": "^1.1.2",
        "relative-to-absolute-iri": "^1.0.0",
        "sax": "^1.2.4"
      }
    },
    "readable-stream": {
      "version": "2.3.7",
      "resolved": "https://verdaccio.inrupt.com/readable-stream/-/readable-stream-2.3.7.tgz",
      "integrity": "sha512-Ebho8K4jIbHAxnuxi7o42OrZgF/ZTNcsZj6nRKyUmkhLFq8CHItp/fy6hQZuZmP/n3yZ9VBUbp4zz/mX8hmYPw==",
      "requires": {
        "core-util-is": "~1.0.0",
        "inherits": "~2.0.3",
        "isarray": "~1.0.0",
        "process-nextick-args": "~2.0.0",
        "safe-buffer": "~5.1.1",
        "string_decoder": "~1.1.1",
        "util-deprecate": "~1.0.1"
      }
    },
    "relative-to-absolute-iri": {
      "version": "1.0.5",
      "resolved": "https://verdaccio.inrupt.com/relative-to-absolute-iri/-/relative-to-absolute-iri-1.0.5.tgz",
      "integrity": "sha512-sHpUlpF3fRWtTcBa8uBIwQ+Z/YnjDjerocV3q0FrP8T9oZ3z6d61I12ZcGlGr9jW2cQbcCkErCT9XLcN18ZLaQ=="
    },
    "request": {
      "version": "2.88.0",
      "resolved": "https://verdaccio.inrupt.com/request/-/request-2.88.0.tgz",
      "integrity": "sha512-NAqBSrijGLZdM0WZNsInLJpkJokL72XYjUpnB0iwsRgxh7dB6COrHnTBNwN0E+lHDAJzu7kLAkDeY08z2/A0hg==",
      "requires": {
        "aws-sign2": "~0.7.0",
        "aws4": "^1.8.0",
        "caseless": "~0.12.0",
        "combined-stream": "~1.0.6",
        "extend": "~3.0.2",
        "forever-agent": "~0.6.1",
        "form-data": "~2.3.2",
        "har-validator": "~5.1.0",
        "http-signature": "~1.2.0",
        "is-typedarray": "~1.0.0",
        "isstream": "~0.1.2",
        "json-stringify-safe": "~5.0.1",
        "mime-types": "~2.1.19",
        "oauth-sign": "~0.9.0",
        "performance-now": "^2.1.0",
        "qs": "~6.5.2",
        "safe-buffer": "^5.1.2",
        "tough-cookie": "~2.4.3",
        "tunnel-agent": "^0.6.0",
        "uuid": "^3.3.2"
      }
    },
    "safe-buffer": {
      "version": "5.1.2",
      "resolved": "https://verdaccio.inrupt.com/safe-buffer/-/safe-buffer-5.1.2.tgz",
      "integrity": "sha512-Gd2UZBJDkXlY7GbJxfsE8/nvKkUEU1G38c1siN6QP6a9PT9MmHB8GnpscSmMJSoF8LOIrt8ud/wPtojys4G6+g=="
    },
    "safer-buffer": {
      "version": "2.1.2",
      "resolved": "https://verdaccio.inrupt.com/safer-buffer/-/safer-buffer-2.1.2.tgz",
      "integrity": "sha512-YZo3K82SD7Riyi0E1EQPojLz7kpepnSQI9IyPbHHg1XXXevb5dJI7tpyN2ADxGcQbHG7vcyRHk0cbwqcQriUtg=="
    },
    "sax": {
      "version": "1.2.4",
      "resolved": "https://verdaccio.inrupt.com/sax/-/sax-1.2.4.tgz",
      "integrity": "sha512-NqVDv9TpANUjFm0N8uM5GxL36UgKi9/atZw+x7YFnQ8ckwFGKrl4xX4yWtrey3UJm5nP1kUbnYgLopqWNSRhWw=="
    },
    "semver": {
      "version": "5.7.1",
      "resolved": "https://verdaccio.inrupt.com/semver/-/semver-5.7.1.tgz",
      "integrity": "sha512-sauaDf/PZdVgrLTNYHRtpXa1iRiKcaebiKQ1BJdpQlWH2lCvexQdX55snPFyK7QzpudqbCI0qXFfOasHdyNDGQ=="
    },
    "sshpk": {
      "version": "1.16.1",
      "resolved": "https://verdaccio.inrupt.com/sshpk/-/sshpk-1.16.1.tgz",
      "integrity": "sha512-HXXqVUq7+pcKeLqqZj6mHFUMvXtOJt1uoUx09pFW6011inTMxqI8BA8PM95myrIyyKwdnzjdFjLiE6KBPVtJIg==",
      "requires": {
        "asn1": "~0.2.3",
        "assert-plus": "^1.0.0",
        "bcrypt-pbkdf": "^1.0.0",
        "dashdash": "^1.12.0",
        "ecc-jsbn": "~0.1.1",
        "getpass": "^0.1.1",
        "jsbn": "~0.1.0",
        "safer-buffer": "^2.0.2",
        "tweetnacl": "~0.14.0"
      }
    },
    "stream-to-string": {
      "version": "1.2.0",
      "resolved": "https://verdaccio.inrupt.com/stream-to-string/-/stream-to-string-1.2.0.tgz",
      "integrity": "sha512-8drZlFIKBHSMdX9GCWv8V9AAWnQcTqw0iAI6/GC7UJ0H0SwKeFKjOoZfGY1tOU00GGU7FYZQoJ/ZCUEoXhD7yQ==",
      "requires": {
        "promise-polyfill": "^1.1.6"
      }
    },
    "string-to-stream": {
      "version": "3.0.1",
      "resolved": "https://verdaccio.inrupt.com/string-to-stream/-/string-to-stream-3.0.1.tgz",
      "integrity": "sha512-Hl092MV3USJuUCC6mfl9sPzGloA3K5VwdIeJjYIkXY/8K+mUvaeEabWJgArp+xXrsWxCajeT2pc4axbVhIZJyg==",
      "requires": {
        "readable-stream": "^3.4.0"
      },
      "dependencies": {
        "readable-stream": {
          "version": "3.5.0",
          "resolved": "https://verdaccio.inrupt.com/readable-stream/-/readable-stream-3.5.0.tgz",
          "integrity": "sha512-gSz026xs2LfxBPudDuI41V1lka8cxg64E66SGe78zJlsUofOg/yqwezdIcdfwik6B4h8LFmWPA9ef9X3FiNFLA==",
          "requires": {
            "inherits": "^2.0.3",
            "string_decoder": "^1.1.1",
            "util-deprecate": "^1.0.1"
          }
        }
      }
    },
    "string_decoder": {
      "version": "1.1.1",
      "resolved": "https://verdaccio.inrupt.com/string_decoder/-/string_decoder-1.1.1.tgz",
      "integrity": "sha512-n/ShnvDi6FHbbVfviro+WojiFzv+s8MPMHBczVePfUpDJLwoLT0ht1l4YwBCbi8pJAveEEdnkHyPyTP/mzRfwg==",
      "requires": {
        "safe-buffer": "~5.1.0"
      }
    },
    "tough-cookie": {
      "version": "2.4.3",
      "resolved": "https://verdaccio.inrupt.com/tough-cookie/-/tough-cookie-2.4.3.tgz",
      "integrity": "sha512-Q5srk/4vDM54WJsJio3XNn6K2sCG+CQ8G5Wz6bZhRZoAe/+TxjWB/GlFAnYEbkYVlON9FMk/fE3h2RLpPXo4lQ==",
      "requires": {
        "psl": "^1.1.24",
        "punycode": "^1.4.1"
      },
      "dependencies": {
        "punycode": {
          "version": "1.4.1",
          "resolved": "https://verdaccio.inrupt.com/punycode/-/punycode-1.4.1.tgz",
          "integrity": "sha1-wNWmOycYgArY4esPpSachN1BhF4="
        }
      }
    },
    "tunnel-agent": {
      "version": "0.6.0",
      "resolved": "https://verdaccio.inrupt.com/tunnel-agent/-/tunnel-agent-0.6.0.tgz",
      "integrity": "sha1-J6XeoGs2sEoKmWZ3SykIaPD8QP0=",
      "requires": {
        "safe-buffer": "^5.0.1"
      }
    },
    "tweetnacl": {
      "version": "0.14.5",
      "resolved": "https://verdaccio.inrupt.com/tweetnacl/-/tweetnacl-0.14.5.tgz",
      "integrity": "sha1-WuaBd/GS1EViadEIr6k/+HQ/T2Q="
    },
    "typedarray": {
      "version": "0.0.6",
      "resolved": "https://verdaccio.inrupt.com/typedarray/-/typedarray-0.0.6.tgz",
      "integrity": "sha1-hnrHTjhkGHsdPUfZlqeOxciDB3c="
    },
    "uri-js": {
      "version": "4.2.2",
      "resolved": "https://verdaccio.inrupt.com/uri-js/-/uri-js-4.2.2.tgz",
      "integrity": "sha512-KY9Frmirql91X2Qgjry0Wd4Y+YTdrdZheS8TFwvkbLWf/G5KNJDCh6pKL5OZctEW4+0Baa5idK2ZQuELRwPznQ==",
      "requires": {
        "punycode": "^2.1.0"
      }
    },
    "util-deprecate": {
      "version": "1.0.2",
      "resolved": "https://verdaccio.inrupt.com/util-deprecate/-/util-deprecate-1.0.2.tgz",
      "integrity": "sha1-RQ1Nyfpw3nMnYvvS1KKJgUGaDM8="
    },
    "uuid": {
      "version": "3.4.0",
      "resolved": "https://verdaccio.inrupt.com/uuid/-/uuid-3.4.0.tgz",
      "integrity": "sha512-HjSDRw6gZE5JMggctHBcjVak08+KEVhSIiDzFnT9S9aegmp85S/bReBVTb4QTFaRNptJ9kuYaNhnbNEOkbKb/A=="
    },
    "verror": {
      "version": "1.10.0",
      "resolved": "https://verdaccio.inrupt.com/verror/-/verror-1.10.0.tgz",
      "integrity": "sha1-OhBcoXBTr1XW4nDB+CiGguGNpAA=",
      "requires": {
        "assert-plus": "^1.0.0",
        "core-util-is": "1.0.2",
        "extsprintf": "^1.2.0"
      }
    },
    "xmldom": {
      "version": "0.1.19",
      "resolved": "https://verdaccio.inrupt.com/xmldom/-/xmldom-0.1.19.tgz",
      "integrity": "sha1-Yx/Ad3bv2EEYvyUXGzftTQdaCrw="
    }
  }
}
