{
  "name": "demo",
  "version": "0.0.1",
  "lockfileVersion": 2,
  "requires": true,
  "packages": {
    "": {
      "name": "demo",
      "version": "0.0.1",
      "license": "MIT",
      "dependencies": {
        "@rdfjs/types": "^1.0.1",
        "mock-local-storage": "^1.1.24",
        "rdf-data-factory": "^1.1.2"
      }
    },
    "node_modules/@rdfjs/types": {
      "version": "1.0.1",
      "dependencies": {
        "@types/node": "*"
      }
    },
    "node_modules/core-js": {
      "version": "3.38.0",
      "resolved": "https://registry.npmjs.org/core-js/-/core-js-3.38.0.tgz",
      "integrity": "sha512-XPpwqEodRljce9KswjZShh95qJ1URisBeKCjUdq27YdenkslVe7OO0ZJhlYXAChW7OhXaRLl8AAba7IBfoIHug==",
      "hasInstallScript": true,
      "license": "MIT",
      "funding": {
        "type": "opencollective",
        "url": "https://opencollective.com/core-js"
      }
    },
    "node_modules/dom-walk": {
      "version": "0.1.1"
    },
    "node_modules/global": {
      "version": "4.4.0",
      "license": "MIT",
      "dependencies": {
        "min-document": "^2.19.0",
        "process": "^0.11.10"
      }
    },
    "node_modules/min-document": {
      "version": "2.19.0",
      "dependencies": {
        "dom-walk": "^0.1.0"
      }
    },
    "node_modules/mock-local-storage": {
      "version": "1.1.24",
      "resolved": "https://registry.npmjs.org/mock-local-storage/-/mock-local-storage-1.1.24.tgz",
      "integrity": "sha512-NEfmw+yEK9oe6xCfOnTaJ6Dz+L3eu6vsZopJlxflXYxr7Mg3EV+S0NXKUQlY9AAeDEdaPZDSUGq1Gi6kLSa5PA==",
      "license": "MIT",
      "dependencies": {
        "core-js": "^3.30.2",
        "global": "^4.3.2"
      }
    },
    "node_modules/process": {
      "version": "0.11.10",
      "license": "MIT",
      "engines": {
        "node": ">= 0.6.0"
      }
    },
    "node_modules/rdf-data-factory": {
      "version": "1.1.2",
      "resolved": "https://registry.npmjs.org/rdf-data-factory/-/rdf-data-factory-1.1.2.tgz",
      "integrity": "sha512-TfQD63Lokabd09ES1jAtKK8AA6rkr9rwyUBGo6olOt1CE0Um36CUQIqytyf0am2ouBPR0l7SaHxCiMcPGHkt1A==",
      "license": "MIT",
      "dependencies": {
        "@rdfjs/types": "*"
      }
    }
  },
  "dependencies": {
    "@rdfjs/types": {
      "version": "1.0.1",
      "requires": {
        "@types/node": "*"
      }
    },
    "core-js": {
      "version": "3.38.0",
      "resolved": "https://registry.npmjs.org/core-js/-/core-js-3.38.0.tgz",
      "integrity": "sha512-XPpwqEodRljce9KswjZShh95qJ1URisBeKCjUdq27YdenkslVe7OO0ZJhlYXAChW7OhXaRLl8AAba7IBfoIHug=="
    },
    "dom-walk": {
      "version": "0.1.1"
    },
    "global": {
      "version": "4.4.0",
      "requires": {
        "min-document": "^2.19.0",
        "process": "^0.11.10"
      }
    },
    "min-document": {
      "version": "2.19.0",
      "requires": {
        "dom-walk": "^0.1.0"
      }
    },
    "mock-local-storage": {
      "version": "1.1.24",
      "resolved": "https://registry.npmjs.org/mock-local-storage/-/mock-local-storage-1.1.24.tgz",
      "integrity": "sha512-NEfmw+yEK9oe6xCfOnTaJ6Dz+L3eu6vsZopJlxflXYxr7Mg3EV+S0NXKUQlY9AAeDEdaPZDSUGq1Gi6kLSa5PA==",
      "requires": {
        "core-js": "^3.30.2",
        "global": "^4.3.2"
      }
    },
    "process": {
      "version": "0.11.10"
    },
    "rdf-data-factory": {
      "version": "1.1.2",
      "resolved": "https://registry.npmjs.org/rdf-data-factory/-/rdf-data-factory-1.1.2.tgz",
      "integrity": "sha512-TfQD63Lokabd09ES1jAtKK8AA6rkr9rwyUBGo6olOt1CE0Um36CUQIqytyf0am2ouBPR0l7SaHxCiMcPGHkt1A==",
      "requires": {
        "@rdfjs/types": "*"
      }
    }
  }
}
